// !$*UTF8*$!
{
	archiveVersion = 1;
	classes = {
	};
	objectVersion = 56;
	objects = {

/* Begin PBXBuildFile section */
		025E297A2994857F00C2C86B /* AppDelegate.swift in Sources */ = {isa = PBXBuildFile; fileRef = 025E29792994857F00C2C86B /* AppDelegate.swift */; };
		025E297C2994857F00C2C86B /* SceneDelegate.swift in Sources */ = {isa = PBXBuildFile; fileRef = 025E297B2994857F00C2C86B /* SceneDelegate.swift */; };
		025E297E2994857F00C2C86B /* ViewController.swift in Sources */ = {isa = PBXBuildFile; fileRef = 025E297D2994857F00C2C86B /* ViewController.swift */; };
		025E29812994857F00C2C86B /* Main.storyboard in Resources */ = {isa = PBXBuildFile; fileRef = 025E297F2994857F00C2C86B /* Main.storyboard */; };
		025E29842994857F00C2C86B /* FakeStore.xcdatamodeld in Sources */ = {isa = PBXBuildFile; fileRef = 025E29822994857F00C2C86B /* FakeStore.xcdatamodeld */; };
		025E29862994858000C2C86B /* Assets.xcassets in Resources */ = {isa = PBXBuildFile; fileRef = 025E29852994858000C2C86B /* Assets.xcassets */; };
		025E29892994858000C2C86B /* LaunchScreen.storyboard in Resources */ = {isa = PBXBuildFile; fileRef = 025E29872994858000C2C86B /* LaunchScreen.storyboard */; };
		025E29942994858100C2C86B /* FakeStoreTests.swift in Sources */ = {isa = PBXBuildFile; fileRef = 025E29932994858100C2C86B /* FakeStoreTests.swift */; };
		025E299E2994858100C2C86B /* FakeStoreUITests.swift in Sources */ = {isa = PBXBuildFile; fileRef = 025E299D2994858100C2C86B /* FakeStoreUITests.swift */; };
		025E29A02994858100C2C86B /* FakeStoreUITestsLaunchTests.swift in Sources */ = {isa = PBXBuildFile; fileRef = 025E299F2994858100C2C86B /* FakeStoreUITestsLaunchTests.swift */; };
/* End PBXBuildFile section */

/* Begin PBXContainerItemProxy section */
		025E29902994858100C2C86B /* PBXContainerItemProxy */ = {
			isa = PBXContainerItemProxy;
			containerPortal = 025E296E2994857F00C2C86B /* Project object */;
			proxyType = 1;
			remoteGlobalIDString = 025E29752994857F00C2C86B;
			remoteInfo = FakeStore;
		};
		025E299A2994858100C2C86B /* PBXContainerItemProxy */ = {
			isa = PBXContainerItemProxy;
			containerPortal = 025E296E2994857F00C2C86B /* Project object */;
			proxyType = 1;
			remoteGlobalIDString = 025E29752994857F00C2C86B;
			remoteInfo = FakeStore;
		};
/* End PBXContainerItemProxy section */

/* Begin PBXFileReference section */
		025E29762994857F00C2C86B /* FakeStore.app */ = {isa = PBXFileReference; explicitFileType = wrapper.application; includeInIndex = 0; path = FakeStore.app; sourceTree = BUILT_PRODUCTS_DIR; };
		025E29792994857F00C2C86B /* AppDelegate.swift */ = {isa = PBXFileReference; lastKnownFileType = sourcecode.swift; path = AppDelegate.swift; sourceTree = "<group>"; };
		025E297B2994857F00C2C86B /* SceneDelegate.swift */ = {isa = PBXFileReference; lastKnownFileType = sourcecode.swift; path = SceneDelegate.swift; sourceTree = "<group>"; };
		025E297D2994857F00C2C86B /* ViewController.swift */ = {isa = PBXFileReference; lastKnownFileType = sourcecode.swift; path = ViewController.swift; sourceTree = "<group>"; };
		025E29802994857F00C2C86B /* Base */ = {isa = PBXFileReference; lastKnownFileType = file.storyboard; name = Base; path = Base.lproj/Main.storyboard; sourceTree = "<group>"; };
		025E29832994857F00C2C86B /* FakeStore.xcdatamodel */ = {isa = PBXFileReference; lastKnownFileType = wrapper.xcdatamodel; path = FakeStore.xcdatamodel; sourceTree = "<group>"; };
		025E29852994858000C2C86B /* Assets.xcassets */ = {isa = PBXFileReference; lastKnownFileType = folder.assetcatalog; path = Assets.xcassets; sourceTree = "<group>"; };
		025E29882994858000C2C86B /* Base */ = {isa = PBXFileReference; lastKnownFileType = file.storyboard; name = Base; path = Base.lproj/LaunchScreen.storyboard; sourceTree = "<group>"; };
		025E298A2994858000C2C86B /* Info.plist */ = {isa = PBXFileReference; lastKnownFileType = text.plist.xml; path = Info.plist; sourceTree = "<group>"; };
		025E298F2994858100C2C86B /* FakeStoreTests.xctest */ = {isa = PBXFileReference; explicitFileType = wrapper.cfbundle; includeInIndex = 0; path = FakeStoreTests.xctest; sourceTree = BUILT_PRODUCTS_DIR; };
		025E29932994858100C2C86B /* FakeStoreTests.swift */ = {isa = PBXFileReference; lastKnownFileType = sourcecode.swift; path = FakeStoreTests.swift; sourceTree = "<group>"; };
		025E29992994858100C2C86B /* FakeStoreUITests.xctest */ = {isa = PBXFileReference; explicitFileType = wrapper.cfbundle; includeInIndex = 0; path = FakeStoreUITests.xctest; sourceTree = BUILT_PRODUCTS_DIR; };
		025E299D2994858100C2C86B /* FakeStoreUITests.swift */ = {isa = PBXFileReference; lastKnownFileType = sourcecode.swift; path = FakeStoreUITests.swift; sourceTree = "<group>"; };
		025E299F2994858100C2C86B /* FakeStoreUITestsLaunchTests.swift */ = {isa = PBXFileReference; lastKnownFileType = sourcecode.swift; path = FakeStoreUITestsLaunchTests.swift; sourceTree = "<group>"; };
/* End PBXFileReference section */

/* Begin PBXFrameworksBuildPhase section */
		025E29732994857F00C2C86B /* Frameworks */ = {
			isa = PBXFrameworksBuildPhase;
			buildActionMask = 2147483647;
			files = (
			);
			runOnlyForDeploymentPostprocessing = 0;
		};
		025E298C2994858100C2C86B /* Frameworks */ = {
			isa = PBXFrameworksBuildPhase;
			buildActionMask = 2147483647;
			files = (
			);
			runOnlyForDeploymentPostprocessing = 0;
		};
		025E29962994858100C2C86B /* Frameworks */ = {
			isa = PBXFrameworksBuildPhase;
			buildActionMask = 2147483647;
			files = (
			);
			runOnlyForDeploymentPostprocessing = 0;
		};
/* End PBXFrameworksBuildPhase section */

/* Begin PBXGroup section */
		025E296D2994857F00C2C86B = {
			isa = PBXGroup;
			children = (
				025E29782994857F00C2C86B /* FakeStore */,
				025E29922994858100C2C86B /* FakeStoreTests */,
				025E299C2994858100C2C86B /* FakeStoreUITests */,
				025E29772994857F00C2C86B /* Products */,
			);
			sourceTree = "<group>";
		};
		025E29772994857F00C2C86B /* Products */ = {
			isa = PBXGroup;
			children = (
				025E29762994857F00C2C86B /* FakeStore.app */,
				025E298F2994858100C2C86B /* FakeStoreTests.xctest */,
				025E29992994858100C2C86B /* FakeStoreUITests.xctest */,
			);
			name = Products;
			sourceTree = "<group>";
		};
		025E29782994857F00C2C86B /* FakeStore */ = {
			isa = PBXGroup;
			children = (
				025E29792994857F00C2C86B /* AppDelegate.swift */,
				025E297B2994857F00C2C86B /* SceneDelegate.swift */,
				025E297D2994857F00C2C86B /* ViewController.swift */,
				025E297F2994857F00C2C86B /* Main.storyboard */,
				025E29852994858000C2C86B /* Assets.xcassets */,
				025E29872994858000C2C86B /* LaunchScreen.storyboard */,
				025E298A2994858000C2C86B /* Info.plist */,
				025E29822994857F00C2C86B /* FakeStore.xcdatamodeld */,
			);
			path = FakeStore;
			sourceTree = "<group>";
		};
		025E29922994858100C2C86B /* FakeStoreTests */ = {
			isa = PBXGroup;
			children = (
				025E29932994858100C2C86B /* FakeStoreTests.swift */,
			);
			path = FakeStoreTests;
			sourceTree = "<group>";
		};
		025E299C2994858100C2C86B /* FakeStoreUITests */ = {
			isa = PBXGroup;
			children = (
				025E299D2994858100C2C86B /* FakeStoreUITests.swift */,
				025E299F2994858100C2C86B /* FakeStoreUITestsLaunchTests.swift */,
			);
			path = FakeStoreUITests;
			sourceTree = "<group>";
		};
/* End PBXGroup section */

/* Begin PBXNativeTarget section */
		025E29752994857F00C2C86B /* FakeStore */ = {
			isa = PBXNativeTarget;
			buildConfigurationList = 025E29A32994858100C2C86B /* Build configuration list for PBXNativeTarget "FakeStore" */;
			buildPhases = (
				025E29722994857F00C2C86B /* Sources */,
				025E29732994857F00C2C86B /* Frameworks */,
				025E29742994857F00C2C86B /* Resources */,
			);
			buildRules = (
			);
			dependencies = (
			);
			name = FakeStore;
			productName = FakeStore;
			productReference = 025E29762994857F00C2C86B /* FakeStore.app */;
			productType = "com.apple.product-type.application";
		};
		025E298E2994858100C2C86B /* FakeStoreTests */ = {
			isa = PBXNativeTarget;
			buildConfigurationList = 025E29A62994858100C2C86B /* Build configuration list for PBXNativeTarget "FakeStoreTests" */;
			buildPhases = (
				025E298B2994858100C2C86B /* Sources */,
				025E298C2994858100C2C86B /* Frameworks */,
				025E298D2994858100C2C86B /* Resources */,
			);
			buildRules = (
			);
			dependencies = (
				025E29912994858100C2C86B /* PBXTargetDependency */,
			);
			name = FakeStoreTests;
			productName = FakeStoreTests;
			productReference = 025E298F2994858100C2C86B /* FakeStoreTests.xctest */;
			productType = "com.apple.product-type.bundle.unit-test";
		};
		025E29982994858100C2C86B /* FakeStoreUITests */ = {
			isa = PBXNativeTarget;
			buildConfigurationList = 025E29A92994858100C2C86B /* Build configuration list for PBXNativeTarget "FakeStoreUITests" */;
			buildPhases = (
				025E29952994858100C2C86B /* Sources */,
				025E29962994858100C2C86B /* Frameworks */,
				025E29972994858100C2C86B /* Resources */,
			);
			buildRules = (
			);
			dependencies = (
				025E299B2994858100C2C86B /* PBXTargetDependency */,
			);
			name = FakeStoreUITests;
			productName = FakeStoreUITests;
			productReference = 025E29992994858100C2C86B /* FakeStoreUITests.xctest */;
			productType = "com.apple.product-type.bundle.ui-testing";
		};
/* End PBXNativeTarget section */

/* Begin PBXProject section */
		025E296E2994857F00C2C86B /* Project object */ = {
			isa = PBXProject;
			attributes = {
				BuildIndependentTargetsInParallel = 1;
				LastSwiftUpdateCheck = 1420;
				LastUpgradeCheck = 1420;
				TargetAttributes = {
					025E29752994857F00C2C86B = {
						CreatedOnToolsVersion = 14.2;
					};
					025E298E2994858100C2C86B = {
						CreatedOnToolsVersion = 14.2;
						TestTargetID = 025E29752994857F00C2C86B;
					};
					025E29982994858100C2C86B = {
						CreatedOnToolsVersion = 14.2;
						TestTargetID = 025E29752994857F00C2C86B;
					};
				};
			};
			buildConfigurationList = 025E29712994857F00C2C86B /* Build configuration list for PBXProject "FakeStore" */;
			compatibilityVersion = "Xcode 14.0";
			developmentRegion = en;
			hasScannedForEncodings = 0;
			knownRegions = (
				en,
				Base,
			);
			mainGroup = 025E296D2994857F00C2C86B;
			productRefGroup = 025E29772994857F00C2C86B /* Products */;
			projectDirPath = "";
			projectRoot = "";
			targets = (
				025E29752994857F00C2C86B /* FakeStore */,
				025E298E2994858100C2C86B /* FakeStoreTests */,
				025E29982994858100C2C86B /* FakeStoreUITests */,
			);
		};
/* End PBXProject section */

/* Begin PBXResourcesBuildPhase section */
		025E29742994857F00C2C86B /* Resources */ = {
			isa = PBXResourcesBuildPhase;
			buildActionMask = 2147483647;
			files = (
				025E29892994858000C2C86B /* LaunchScreen.storyboard in Resources */,
				025E29862994858000C2C86B /* Assets.xcassets in Resources */,
				025E29812994857F00C2C86B /* Main.storyboard in Resources */,
			);
			runOnlyForDeploymentPostprocessing = 0;
		};
		025E298D2994858100C2C86B /* Resources */ = {
			isa = PBXResourcesBuildPhase;
			buildActionMask = 2147483647;
			files = (
			);
			runOnlyForDeploymentPostprocessing = 0;
		};
		025E29972994858100C2C86B /* Resources */ = {
			isa = PBXResourcesBuildPhase;
			buildActionMask = 2147483647;
			files = (
			);
			runOnlyForDeploymentPostprocessing = 0;
		};
/* End PBXResourcesBuildPhase section */

/* Begin PBXSourcesBuildPhase section */
		025E29722994857F00C2C86B /* Sources */ = {
			isa = PBXSourcesBuildPhase;
			buildActionMask = 2147483647;
			files = (
				025E297E2994857F00C2C86B /* ViewController.swift in Sources */,
				025E297A2994857F00C2C86B /* AppDelegate.swift in Sources */,
				025E29842994857F00C2C86B /* FakeStore.xcdatamodeld in Sources */,
				025E297C2994857F00C2C86B /* SceneDelegate.swift in Sources */,
			);
			runOnlyForDeploymentPostprocessing = 0;
		};
		025E298B2994858100C2C86B /* Sources */ = {
			isa = PBXSourcesBuildPhase;
			buildActionMask = 2147483647;
			files = (
				025E29942994858100C2C86B /* FakeStoreTests.swift in Sources */,
			);
			runOnlyForDeploymentPostprocessing = 0;
		};
		025E29952994858100C2C86B /* Sources */ = {
			isa = PBXSourcesBuildPhase;
			buildActionMask = 2147483647;
			files = (
				025E299E2994858100C2C86B /* FakeStoreUITests.swift in Sources */,
				025E29A02994858100C2C86B /* FakeStoreUITestsLaunchTests.swift in Sources */,
			);
			runOnlyForDeploymentPostprocessing = 0;
		};
/* End PBXSourcesBuildPhase section */

/* Begin PBXTargetDependency section */
		025E29912994858100C2C86B /* PBXTargetDependency */ = {
			isa = PBXTargetDependency;
			target = 025E29752994857F00C2C86B /* FakeStore */;
			targetProxy = 025E29902994858100C2C86B /* PBXContainerItemProxy */;
		};
		025E299B2994858100C2C86B /* PBXTargetDependency */ = {
			isa = PBXTargetDependency;
			target = 025E29752994857F00C2C86B /* FakeStore */;
			targetProxy = 025E299A2994858100C2C86B /* PBXContainerItemProxy */;
		};
/* End PBXTargetDependency section */

/* Begin PBXVariantGroup section */
		025E297F2994857F00C2C86B /* Main.storyboard */ = {
			isa = PBXVariantGroup;
			children = (
				025E29802994857F00C2C86B /* Base */,
			);
			name = Main.storyboard;
			sourceTree = "<group>";
		};
		025E29872994858000C2C86B /* LaunchScreen.storyboard */ = {
			isa = PBXVariantGroup;
			children = (
				025E29882994858000C2C86B /* Base */,
			);
			name = LaunchScreen.storyboard;
			sourceTree = "<group>";
		};
/* End PBXVariantGroup section */

/* Begin XCBuildConfiguration section */
		025E29A12994858100C2C86B /* Debug */ = {
			isa = XCBuildConfiguration;
			buildSettings = {
				ALWAYS_SEARCH_USER_PATHS = NO;
				CLANG_ANALYZER_NONNULL = YES;
				CLANG_ANALYZER_NUMBER_OBJECT_CONVERSION = YES_AGGRESSIVE;
				CLANG_CXX_LANGUAGE_STANDARD = "gnu++20";
				CLANG_ENABLE_MODULES = YES;
				CLANG_ENABLE_OBJC_ARC = YES;
				CLANG_ENABLE_OBJC_WEAK = YES;
				CLANG_WARN_BLOCK_CAPTURE_AUTORELEASING = YES;
				CLANG_WARN_BOOL_CONVERSION = YES;
				CLANG_WARN_COMMA = YES;
				CLANG_WARN_CONSTANT_CONVERSION = YES;
				CLANG_WARN_DEPRECATED_OBJC_IMPLEMENTATIONS = YES;
				CLANG_WARN_DIRECT_OBJC_ISA_USAGE = YES_ERROR;
				CLANG_WARN_DOCUMENTATION_COMMENTS = YES;
				CLANG_WARN_EMPTY_BODY = YES;
				CLANG_WARN_ENUM_CONVERSION = YES;
				CLANG_WARN_INFINITE_RECURSION = YES;
				CLANG_WARN_INT_CONVERSION = YES;
				CLANG_WARN_NON_LITERAL_NULL_CONVERSION = YES;
				CLANG_WARN_OBJC_IMPLICIT_RETAIN_SELF = YES;
				CLANG_WARN_OBJC_LITERAL_CONVERSION = YES;
				CLANG_WARN_OBJC_ROOT_CLASS = YES_ERROR;
				CLANG_WARN_QUOTED_INCLUDE_IN_FRAMEWORK_HEADER = YES;
				CLANG_WARN_RANGE_LOOP_ANALYSIS = YES;
				CLANG_WARN_STRICT_PROTOTYPES = YES;
				CLANG_WARN_SUSPICIOUS_MOVE = YES;
				CLANG_WARN_UNGUARDED_AVAILABILITY = YES_AGGRESSIVE;
				CLANG_WARN_UNREACHABLE_CODE = YES;
				CLANG_WARN__DUPLICATE_METHOD_MATCH = YES;
				COPY_PHASE_STRIP = NO;
				DEBUG_INFORMATION_FORMAT = dwarf;
				ENABLE_STRICT_OBJC_MSGSEND = YES;
				ENABLE_TESTABILITY = YES;
				GCC_C_LANGUAGE_STANDARD = gnu11;
				GCC_DYNAMIC_NO_PIC = NO;
				GCC_NO_COMMON_BLOCKS = YES;
				GCC_OPTIMIZATION_LEVEL = 0;
				GCC_PREPROCESSOR_DEFINITIONS = (
					"DEBUG=1",
					"$(inherited)",
				);
				GCC_WARN_64_TO_32_BIT_CONVERSION = YES;
				GCC_WARN_ABOUT_RETURN_TYPE = YES_ERROR;
				GCC_WARN_UNDECLARED_SELECTOR = YES;
				GCC_WARN_UNINITIALIZED_AUTOS = YES_AGGRESSIVE;
				GCC_WARN_UNUSED_FUNCTION = YES;
				GCC_WARN_UNUSED_VARIABLE = YES;
				IPHONEOS_DEPLOYMENT_TARGET = 16.2;
				MTL_ENABLE_DEBUG_INFO = INCLUDE_SOURCE;
				MTL_FAST_MATH = YES;
				ONLY_ACTIVE_ARCH = YES;
				SDKROOT = iphoneos;
				SWIFT_ACTIVE_COMPILATION_CONDITIONS = DEBUG;
				SWIFT_OPTIMIZATION_LEVEL = "-Onone";
			};
			name = Debug;
		};
		025E29A22994858100C2C86B /* Release */ = {
			isa = XCBuildConfiguration;
			buildSettings = {
				ALWAYS_SEARCH_USER_PATHS = NO;
				CLANG_ANALYZER_NONNULL = YES;
				CLANG_ANALYZER_NUMBER_OBJECT_CONVERSION = YES_AGGRESSIVE;
				CLANG_CXX_LANGUAGE_STANDARD = "gnu++20";
				CLANG_ENABLE_MODULES = YES;
				CLANG_ENABLE_OBJC_ARC = YES;
				CLANG_ENABLE_OBJC_WEAK = YES;
				CLANG_WARN_BLOCK_CAPTURE_AUTORELEASING = YES;
				CLANG_WARN_BOOL_CONVERSION = YES;
				CLANG_WARN_COMMA = YES;
				CLANG_WARN_CONSTANT_CONVERSION = YES;
				CLANG_WARN_DEPRECATED_OBJC_IMPLEMENTATIONS = YES;
				CLANG_WARN_DIRECT_OBJC_ISA_USAGE = YES_ERROR;
				CLANG_WARN_DOCUMENTATION_COMMENTS = YES;
				CLANG_WARN_EMPTY_BODY = YES;
				CLANG_WARN_ENUM_CONVERSION = YES;
				CLANG_WARN_INFINITE_RECURSION = YES;
				CLANG_WARN_INT_CONVERSION = YES;
				CLANG_WARN_NON_LITERAL_NULL_CONVERSION = YES;
				CLANG_WARN_OBJC_IMPLICIT_RETAIN_SELF = YES;
				CLANG_WARN_OBJC_LITERAL_CONVERSION = YES;
				CLANG_WARN_OBJC_ROOT_CLASS = YES_ERROR;
				CLANG_WARN_QUOTED_INCLUDE_IN_FRAMEWORK_HEADER = YES;
				CLANG_WARN_RANGE_LOOP_ANALYSIS = YES;
				CLANG_WARN_STRICT_PROTOTYPES = YES;
				CLANG_WARN_SUSPICIOUS_MOVE = YES;
				CLANG_WARN_UNGUARDED_AVAILABILITY = YES_AGGRESSIVE;
				CLANG_WARN_UNREACHABLE_CODE = YES;
				CLANG_WARN__DUPLICATE_METHOD_MATCH = YES;
				COPY_PHASE_STRIP = NO;
				DEBUG_INFORMATION_FORMAT = "dwarf-with-dsym";
				ENABLE_NS_ASSERTIONS = NO;
				ENABLE_STRICT_OBJC_MSGSEND = YES;
				GCC_C_LANGUAGE_STANDARD = gnu11;
				GCC_NO_COMMON_BLOCKS = YES;
				GCC_WARN_64_TO_32_BIT_CONVERSION = YES;
				GCC_WARN_ABOUT_RETURN_TYPE = YES_ERROR;
				GCC_WARN_UNDECLARED_SELECTOR = YES;
				GCC_WARN_UNINITIALIZED_AUTOS = YES_AGGRESSIVE;
				GCC_WARN_UNUSED_FUNCTION = YES;
				GCC_WARN_UNUSED_VARIABLE = YES;
				IPHONEOS_DEPLOYMENT_TARGET = 16.2;
				MTL_ENABLE_DEBUG_INFO = NO;
				MTL_FAST_MATH = YES;
				SDKROOT = iphoneos;
				SWIFT_COMPILATION_MODE = wholemodule;
				SWIFT_OPTIMIZATION_LEVEL = "-O";
				VALIDATE_PRODUCT = YES;
			};
			name = Release;
		};
		025E29A42994858100C2C86B /* Debug */ = {
			isa = XCBuildConfiguration;
			buildSettings = {
				ASSETCATALOG_COMPILER_APPICON_NAME = AppIcon;
				ASSETCATALOG_COMPILER_GLOBAL_ACCENT_COLOR_NAME = AccentColor;
				CODE_SIGN_STYLE = Automatic;
				CURRENT_PROJECT_VERSION = 1;
				DEVELOPMENT_TEAM = 69YA675NSA;
				GENERATE_INFOPLIST_FILE = YES;
				INFOPLIST_FILE = FakeStore/Info.plist;
				INFOPLIST_KEY_UIApplicationSupportsIndirectInputEvents = YES;
				INFOPLIST_KEY_UILaunchStoryboardName = LaunchScreen;
				INFOPLIST_KEY_UIMainStoryboardFile = Main;
				INFOPLIST_KEY_UISupportedInterfaceOrientations_iPad = "UIInterfaceOrientationPortrait UIInterfaceOrientationPortraitUpsideDown UIInterfaceOrientationLandscapeLeft UIInterfaceOrientationLandscapeRight";
				INFOPLIST_KEY_UISupportedInterfaceOrientations_iPhone = "UIInterfaceOrientationPortrait UIInterfaceOrientationLandscapeLeft UIInterfaceOrientationLandscapeRight";
				LD_RUNPATH_SEARCH_PATHS = (
					"$(inherited)",
					"@executable_path/Frameworks",
				);
				MARKETING_VERSION = 1.0;
				PRODUCT_BUNDLE_IDENTIFIER = com.musakirkkeseli.FakeStore;
				PRODUCT_NAME = "$(TARGET_NAME)";
				SWIFT_EMIT_LOC_STRINGS = YES;
				SWIFT_VERSION = 5.0;
				TARGETED_DEVICE_FAMILY = "1,2";
			};
			name = Debug;
		};
		025E29A52994858100C2C86B /* Release */ = {
			isa = XCBuildConfiguration;
			buildSettings = {
				ASSETCATALOG_COMPILER_APPICON_NAME = AppIcon;
				ASSETCATALOG_COMPILER_GLOBAL_ACCENT_COLOR_NAME = AccentColor;
				CODE_SIGN_STYLE = Automatic;
				CURRENT_PROJECT_VERSION = 1;
				DEVELOPMENT_TEAM = 69YA675NSA;
				GENERATE_INFOPLIST_FILE = YES;
				INFOPLIST_FILE = FakeStore/Info.plist;
				INFOPLIST_KEY_UIApplicationSupportsIndirectInputEvents = YES;
				INFOPLIST_KEY_UILaunchStoryboardName = LaunchScreen;
				INFOPLIST_KEY_UIMainStoryboardFile = Main;
				INFOPLIST_KEY_UISupportedInterfaceOrientations_iPad = "UIInterfaceOrientationPortrait UIInterfaceOrientationPortraitUpsideDown UIInterfaceOrientationLandscapeLeft UIInterfaceOrientationLandscapeRight";
				INFOPLIST_KEY_UISupportedInterfaceOrientations_iPhone = "UIInterfaceOrientationPortrait UIInterfaceOrientationLandscapeLeft UIInterfaceOrientationLandscapeRight";
				LD_RUNPATH_SEARCH_PATHS = (
					"$(inherited)",
					"@executable_path/Frameworks",
				);
				MARKETING_VERSION = 1.0;
				PRODUCT_BUNDLE_IDENTIFIER = com.musakirkkeseli.FakeStore;
				PRODUCT_NAME = "$(TARGET_NAME)";
				SWIFT_EMIT_LOC_STRINGS = YES;
				SWIFT_VERSION = 5.0;
				TARGETED_DEVICE_FAMILY = "1,2";
			};
			name = Release;
		};
		025E29A72994858100C2C86B /* Debug */ = {
			isa = XCBuildConfiguration;
			buildSettings = {
				ALWAYS_EMBED_SWIFT_STANDARD_LIBRARIES = YES;
				BUNDLE_LOADER = "$(TEST_HOST)";
				CODE_SIGN_STYLE = Automatic;
				CURRENT_PROJECT_VERSION = 1;
				DEVELOPMENT_TEAM = 69YA675NSA;
				GENERATE_INFOPLIST_FILE = YES;
				IPHONEOS_DEPLOYMENT_TARGET = 16.2;
				MARKETING_VERSION = 1.0;
				PRODUCT_BUNDLE_IDENTIFIER = com.musakirkkeseli.FakeStoreTests;
				PRODUCT_NAME = "$(TARGET_NAME)";
				SWIFT_EMIT_LOC_STRINGS = NO;
				SWIFT_VERSION = 5.0;
				TARGETED_DEVICE_FAMILY = "1,2";
				TEST_HOST = "$(BUILT_PRODUCTS_DIR)/FakeStore.app/$(BUNDLE_EXECUTABLE_FOLDER_PATH)/FakeStore";
			};
			name = Debug;
		};
		025E29A82994858100C2C86B /* Release */ = {
			isa = XCBuildConfiguration;
			buildSettings = {
				ALWAYS_EMBED_SWIFT_STANDARD_LIBRARIES = YES;
				BUNDLE_LOADER = "$(TEST_HOST)";
				CODE_SIGN_STYLE = Automatic;
				CURRENT_PROJECT_VERSION = 1;
				DEVELOPMENT_TEAM = 69YA675NSA;
				GENERATE_INFOPLIST_FILE = YES;
				IPHONEOS_DEPLOYMENT_TARGET = 16.2;
				MARKETING_VERSION = 1.0;
				PRODUCT_BUNDLE_IDENTIFIER = com.musakirkkeseli.FakeStoreTests;
				PRODUCT_NAME = "$(TARGET_NAME)";
				SWIFT_EMIT_LOC_STRINGS = NO;
				SWIFT_VERSION = 5.0;
				TARGETED_DEVICE_FAMILY = "1,2";
				TEST_HOST = "$(BUILT_PRODUCTS_DIR)/FakeStore.app/$(BUNDLE_EXECUTABLE_FOLDER_PATH)/FakeStore";
			};
			name = Release;
		};
		025E29AA2994858100C2C86B /* Debug */ = {
			isa = XCBuildConfiguration;
			buildSettings = {
				ALWAYS_EMBED_SWIFT_STANDARD_LIBRARIES = YES;
				CODE_SIGN_STYLE = Automatic;
				CURRENT_PROJECT_VERSION = 1;
				DEVELOPMENT_TEAM = 69YA675NSA;
				GENERATE_INFOPLIST_FILE = YES;
				MARKETING_VERSION = 1.0;
				PRODUCT_BUNDLE_IDENTIFIER = com.musakirkkeseli.FakeStoreUITests;
				PRODUCT_NAME = "$(TARGET_NAME)";
				SWIFT_EMIT_LOC_STRINGS = NO;
				SWIFT_VERSION = 5.0;
				TARGETED_DEVICE_FAMILY = "1,2";
				TEST_TARGET_NAME = FakeStore;
			};
			name = Debug;
		};
		025E29AB2994858100C2C86B /* Release */ = {
			isa = XCBuildConfiguration;
			buildSettings = {
				ALWAYS_EMBED_SWIFT_STANDARD_LIBRARIES = YES;
				CODE_SIGN_STYLE = Automatic;
				CURRENT_PROJECT_VERSION = 1;
				DEVELOPMENT_TEAM = 69YA675NSA;
				GENERATE_INFOPLIST_FILE = YES;
				MARKETING_VERSION = 1.0;
				PRODUCT_BUNDLE_IDENTIFIER = com.musakirkkeseli.FakeStoreUITests;
				PRODUCT_NAME = "$(TARGET_NAME)";
				SWIFT_EMIT_LOC_STRINGS = NO;
				SWIFT_VERSION = 5.0;
				TARGETED_DEVICE_FAMILY = "1,2";
				TEST_TARGET_NAME = FakeStore;
			};
			name = Release;
		};
/* End XCBuildConfiguration section */

/* Begin XCConfigurationList section */
		025E29712994857F00C2C86B /* Build configuration list for PBXProject "FakeStore" */ = {
			isa = XCConfigurationList;
			buildConfigurations = (
				025E29A12994858100C2C86B /* Debug */,
				025E29A22994858100C2C86B /* Release */,
			);
			defaultConfigurationIsVisible = 0;
			defaultConfigurationName = Release;
		};
		025E29A32994858100C2C86B /* Build configuration list for PBXNativeTarget "FakeStore" */ = {
			isa = XCConfigurationList;
			buildConfigurations = (
				025E29A42994858100C2C86B /* Debug */,
				025E29A52994858100C2C86B /* Release */,
			);
			defaultConfigurationIsVisible = 0;
			defaultConfigurationName = Release;
		};
		025E29A62994858100C2C86B /* Build configuration list for PBXNativeTarget "FakeStoreTests" */ = {
			isa = XCConfigurationList;
			buildConfigurations = (
				025E29A72994858100C2C86B /* Debug */,
				025E29A82994858100C2C86B /* Release */,
			);
			defaultConfigurationIsVisible = 0;
			defaultConfigurationName = Release;
		};
		025E29A92994858100C2C86B /* Build configuration list for PBXNativeTarget "FakeStoreUITests" */ = {
			isa = XCConfigurationList;
			buildConfigurations = (
				025E29AA2994858100C2C86B /* Debug */,
				025E29AB2994858100C2C86B /* Release */,
			);
			defaultConfigurationIsVisible = 0;
			defaultConfigurationName = Release;
		};
/* End XCConfigurationList section */

/* Begin XCVersionGroup section */
		025E29822994857F00C2C86B /* FakeStore.xcdatamodeld */ = {
			isa = XCVersionGroup;
			children = (
				025E29832994857F00C2C86B /* FakeStore.xcdatamodel */,
			);
			currentVersion = 025E29832994857F00C2C86B /* FakeStore.xcdatamodel */;
			path = FakeStore.xcdatamodeld;
			sourceTree = "<group>";
			versionGroupType = wrapper.xcdatamodel;
		};
/* End XCVersionGroup section */
	};
	rootObject = 025E296E2994857F00C2C86B /* Project object */;
}
